# THIS IS AN AUTOGENERATED FILE. DO NOT EDIT THIS FILE DIRECTLY.
# yarn lockfile v1


"@formatjs/ecma402-abstract@1.11.4":
  version "1.11.4"
  resolved "https://registry.yarnpkg.com/@formatjs/ecma402-abstract/-/ecma402-abstract-1.11.4.tgz#b962dfc4ae84361f9f08fbce411b4e4340930eda"
  dependencies:
    "@formatjs/intl-localematcher" "0.2.25"
    tslib "^2.1.0"

"@formatjs/fast-memoize@1.2.1":
  version "1.2.1"
  resolved "https://registry.yarnpkg.com/@formatjs/fast-memoize/-/fast-memoize-1.2.1.tgz#e6f5aee2e4fd0ca5edba6eba7668e2d855e0fc21"
  dependencies:
    tslib "^2.1.0"

"@formatjs/icu-messageformat-parser@2.1.0":
  version "2.1.0"
  resolved "https://registry.yarnpkg.com/@formatjs/icu-messageformat-parser/-/icu-messageformat-parser-2.1.0.tgz#a54293dd7f098d6a6f6a084ab08b6d54a3e8c12d"
  dependencies:
    "@formatjs/ecma402-abstract" "1.11.4"
    "@formatjs/icu-skeleton-parser" "1.3.6"
    tslib "^2.1.0"

"@formatjs/icu-skeleton-parser@1.3.6":
  version "1.3.6"
  resolved "https://registry.yarnpkg.com/@formatjs/icu-skeleton-parser/-/icu-skeleton-parser-1.3.6.tgz#4ce8c0737d6f07b735288177049e97acbf2e8964"
  dependencies:
    "@formatjs/ecma402-abstract" "1.11.4"
    tslib "^2.1.0"

"@formatjs/intl-localematcher@0.2.25":
  version "0.2.25"
  resolved "https://registry.yarnpkg.com/@formatjs/intl-localematcher/-/intl-localematcher-0.2.25.tgz#60892fe1b271ec35ba07a2eb018a2dd7bca6ea3a"
  dependencies:
    tslib "^2.1.0"

"@formatjs/intl-utils@^3.8.4":
  version "3.8.4"
  resolved "https://registry.yarnpkg.com/@formatjs/intl-utils/-/intl-utils-3.8.4.tgz#291baac91001db428fc3275c515a3e40fbe95945"
  dependencies:
    emojis-list "^3.0.0"

"@jridgewell/gen-mapping@^0.3.0":
  version "0.3.3"
  resolved "https://registry.yarnpkg.com/@jridgewell/gen-mapping/-/gen-mapping-0.3.3.tgz#7e02e6eb5df901aaedb08514203b096614024098"
  dependencies:
    "@jridgewell/set-array" "^1.0.1"
    "@jridgewell/sourcemap-codec" "^1.4.10"
    "@jridgewell/trace-mapping" "^0.3.9"

"@jridgewell/resolve-uri@^3.1.0":
  version "3.1.1"
  resolved "https://registry.yarnpkg.com/@jridgewell/resolve-uri/-/resolve-uri-3.1.1.tgz#c08679063f279615a3326583ba3a90d1d82cc721"

"@jridgewell/set-array@^1.0.1":
  version "1.1.2"
  resolved "https://registry.yarnpkg.com/@jridgewell/set-array/-/set-array-1.1.2.tgz#7c6cf998d6d20b914c0a55a91ae928ff25965e72"

"@jridgewell/source-map@^0.3.3":
  version "0.3.5"
  resolved "https://registry.yarnpkg.com/@jridgewell/source-map/-/source-map-0.3.5.tgz#a3bb4d5c6825aab0d281268f47f6ad5853431e91"
  dependencies:
    "@jridgewell/gen-mapping" "^0.3.0"
    "@jridgewell/trace-mapping" "^0.3.9"

"@jridgewell/sourcemap-codec@^1.4.10", "@jridgewell/sourcemap-codec@^1.4.14":
  version "1.4.15"
  resolved "https://registry.yarnpkg.com/@jridgewell/sourcemap-codec/-/sourcemap-codec-1.4.15.tgz#d7c6e6755c78567a951e04ab52ef0fd26de59f32"

"@jridgewell/trace-mapping@^0.3.9":
  version "0.3.20"
  resolved "https://registry.yarnpkg.com/@jridgewell/trace-mapping/-/trace-mapping-0.3.20.tgz#72e45707cf240fa6b081d0366f8265b0cd10197f"
  dependencies:
    "@jridgewell/resolve-uri" "^3.1.0"
    "@jridgewell/sourcemap-codec" "^1.4.14"

"@lit-labs/ssr-dom-shim@^1.0.0", "@lit-labs/ssr-dom-shim@^1.1.0", "@lit-labs/ssr-dom-shim@^1.1.2":
  version "1.1.2"
  resolved "https://registry.yarnpkg.com/@lit-labs/ssr-dom-shim/-/ssr-dom-shim-1.1.2.tgz#d693d972974a354034454ec1317eb6afd0b00312"

"@lit/reactive-element@^1.3.0", "@lit/reactive-element@^1.6.0":
  version "1.6.3"
  resolved "https://registry.yarnpkg.com/@lit/reactive-element/-/reactive-element-1.6.3.tgz#25b4eece2592132845d303e091bad9b04cdcfe03"
  dependencies:
    "@lit-labs/ssr-dom-shim" "^1.0.0"

"@lit/reactive-element@^2.0.0":
  version "2.0.1"
  resolved "https://registry.yarnpkg.com/@lit/reactive-element/-/reactive-element-2.0.1.tgz#b17d8818d9c72ccc489f44e35d87cfa18a9c8c93"
  dependencies:
    "@lit-labs/ssr-dom-shim" "^1.1.2"

"@rollup/plugin-json@^6.0.1":
  version "6.0.1"
  resolved "https://registry.yarnpkg.com/@rollup/plugin-json/-/plugin-json-6.0.1.tgz#7e2efcf5ed549963f1444e010611d22f463931c0"
  dependencies:
    "@rollup/pluginutils" "^5.0.1"

"@rollup/plugin-node-resolve@^15.2.3":
  version "15.2.3"
  resolved "https://registry.yarnpkg.com/@rollup/plugin-node-resolve/-/plugin-node-resolve-15.2.3.tgz#e5e0b059bd85ca57489492f295ce88c2d4b0daf9"
  dependencies:
    "@rollup/pluginutils" "^5.0.1"
    "@types/resolve" "1.20.2"
    deepmerge "^4.2.2"
    is-builtin-module "^3.2.1"
    is-module "^1.0.0"
    resolve "^1.22.1"

"@rollup/plugin-terser@^0.4.4":
  version "0.4.4"
  resolved "https://registry.yarnpkg.com/@rollup/plugin-terser/-/plugin-terser-0.4.4.tgz#15dffdb3f73f121aa4fbb37e7ca6be9aeea91962"
  dependencies:
    serialize-javascript "^6.0.1"
    smob "^1.0.0"
    terser "^5.17.4"

"@rollup/plugin-typescript@^11.1.5":
  version "11.1.5"
  resolved "https://registry.yarnpkg.com/@rollup/plugin-typescript/-/plugin-typescript-11.1.5.tgz#039c763bf943a5921f3f42be255895e75764cb91"
  dependencies:
    "@rollup/pluginutils" "^5.0.1"
    resolve "^1.22.1"

"@rollup/pluginutils@^5.0.1":
  version "5.0.5"
  resolved "https://registry.yarnpkg.com/@rollup/pluginutils/-/pluginutils-5.0.5.tgz#bbb4c175e19ebfeeb8c132c2eea0ecb89941a66c"
  dependencies:
    "@types/estree" "^1.0.0"
    estree-walker "^2.0.2"
    picomatch "^2.3.1"

"@rollup/rollup-android-arm-eabi@4.1.5":
  version "4.1.5"
  resolved "https://registry.yarnpkg.com/@rollup/rollup-android-arm-eabi/-/rollup-android-arm-eabi-4.1.5.tgz#aa13d291631fe72552ca2adba50f8d58ef2cde6f"

"@rollup/rollup-android-arm64@4.1.5":
  version "4.1.5"
  resolved "https://registry.yarnpkg.com/@rollup/rollup-android-arm64/-/rollup-android-arm64-4.1.5.tgz#b17d7262f00654296e8167b8b7a6708b79a29dc1"

"@rollup/rollup-darwin-arm64@4.1.5":
  version "4.1.5"
  resolved "https://registry.yarnpkg.com/@rollup/rollup-darwin-arm64/-/rollup-darwin-arm64-4.1.5.tgz#7ddfe2dc9f369fc9560d007a5297492e2d289f45"

"@rollup/rollup-darwin-x64@4.1.5":
  version "4.1.5"
  resolved "https://registry.yarnpkg.com/@rollup/rollup-darwin-x64/-/rollup-darwin-x64-4.1.5.tgz#76d4b023964bfbf9dcfb9d968e3707841935f198"

"@rollup/rollup-linux-arm-gnueabihf@4.1.5":
  version "4.1.5"
  resolved "https://registry.yarnpkg.com/@rollup/rollup-linux-arm-gnueabihf/-/rollup-linux-arm-gnueabihf-4.1.5.tgz#ed0bff049b47126635908b095d421c699fe11996"

"@rollup/rollup-linux-arm64-gnu@4.1.5":
  version "4.1.5"
  resolved "https://registry.yarnpkg.com/@rollup/rollup-linux-arm64-gnu/-/rollup-linux-arm64-gnu-4.1.5.tgz#a79023f1fa1ca7f0fc8bec343e87ee48ce67d159"

"@rollup/rollup-linux-arm64-musl@4.1.5":
  version "4.1.5"
  resolved "https://registry.yarnpkg.com/@rollup/rollup-linux-arm64-musl/-/rollup-linux-arm64-musl-4.1.5.tgz#d9629d2cdd3a16a9001715e13a53de27030b9ba6"

"@rollup/rollup-linux-x64-gnu@4.1.5":
  version "4.1.5"
  resolved "https://registry.yarnpkg.com/@rollup/rollup-linux-x64-gnu/-/rollup-linux-x64-gnu-4.1.5.tgz#1867e169a32f6d9d302df443dd0fbef25f5b34e0"

"@rollup/rollup-linux-x64-musl@4.1.5":
  version "4.1.5"
  resolved "https://registry.yarnpkg.com/@rollup/rollup-linux-x64-musl/-/rollup-linux-x64-musl-4.1.5.tgz#fcd449c2838c61c2c320ae8de717961dc5c98d1b"

"@rollup/rollup-win32-arm64-msvc@4.1.5":
  version "4.1.5"
  resolved "https://registry.yarnpkg.com/@rollup/rollup-win32-arm64-msvc/-/rollup-win32-arm64-msvc-4.1.5.tgz#d4a674b472b0a31d8a8f9406b79933a6ccdb9efb"

"@rollup/rollup-win32-ia32-msvc@4.1.5":
  version "4.1.5"
  resolved "https://registry.yarnpkg.com/@rollup/rollup-win32-ia32-msvc/-/rollup-win32-ia32-msvc-4.1.5.tgz#a54c21255306f21429abf2a5c8b05909fe27b0e1"

"@rollup/rollup-win32-x64-msvc@4.1.5":
  version "4.1.5"
  resolved "https://registry.yarnpkg.com/@rollup/rollup-win32-x64-msvc/-/rollup-win32-x64-msvc-4.1.5.tgz#121eb95664a46afbc58d4fe2226b9dd9f8dcc59b"

"@types/estree@^1.0.0":
  version "1.0.3"
  resolved "https://registry.yarnpkg.com/@types/estree/-/estree-1.0.3.tgz#2be19e759a3dd18c79f9f436bd7363556c1a73dd"

"@types/resolve@1.20.2":
  version "1.20.2"
  resolved "https://registry.yarnpkg.com/@types/resolve/-/resolve-1.20.2.tgz#97d26e00cd4a0423b4af620abecf3e6f442b7975"

"@types/trusted-types@^2.0.2":
  version "2.0.5"
  resolved "https://registry.yarnpkg.com/@types/trusted-types/-/trusted-types-2.0.5.tgz#5cac7e7df3275bb95f79594f192d97da3b4fd5fe"

acorn@^8.8.2:
  version "8.11.2"
  resolved "https://registry.yarnpkg.com/acorn/-/acorn-8.11.2.tgz#ca0d78b51895be5390a5903c5b3bdcdaf78ae40b"

buffer-from@^1.0.0:
  version "1.1.2"
  resolved "https://registry.yarnpkg.com/buffer-from/-/buffer-from-1.1.2.tgz#2b146a6fd72e80b4f55d255f35ed59a3a9a41bd5"

builtin-modules@^3.3.0:
  version "3.3.0"
  resolved "https://registry.yarnpkg.com/builtin-modules/-/builtin-modules-3.3.0.tgz#cae62812b89801e9656336e46223e030386be7b6"

commander@^2.20.0:
  version "2.20.3"
  resolved "https://registry.yarnpkg.com/commander/-/commander-2.20.3.tgz#fd485e84c03eb4881c20722ba48035e8531aeb33"

custom-card-helpers@^1.9.0:
  version "1.9.0"
  resolved "https://registry.yarnpkg.com/custom-card-helpers/-/custom-card-helpers-1.9.0.tgz#dac7bb7a531101f4c83096b26a8be8ccad70d8c0"
  dependencies:
    "@formatjs/intl-utils" "^3.8.4"
    home-assistant-js-websocket "^6.0.1"
    intl-messageformat "^9.11.1"
    lit "^2.1.1"
    rollup "^2.63.0"
    superstruct "^0.15.3"
    typescript "^4.5.4"

deepmerge@^4.2.2:
  version "4.3.1"
  resolved "https://registry.yarnpkg.com/deepmerge/-/deepmerge-4.3.1.tgz#44b5f2147cd3b00d4b56137685966f26fd25dd4a"

emojis-list@^3.0.0:
  version "3.0.0"
  resolved "https://registry.yarnpkg.com/emojis-list/-/emojis-list-3.0.0.tgz#5570662046ad29e2e916e71aae260abdff4f6a78"

estree-walker@^2.0.2:
  version "2.0.2"
  resolved "https://registry.yarnpkg.com/estree-walker/-/estree-walker-2.0.2.tgz#52f010178c2a4c117a7757cfe942adb7d2da4cac"

fsevents@~2.3.2:
  version "2.3.3"
  resolved "https://registry.yarnpkg.com/fsevents/-/fsevents-2.3.3.tgz#cac6407785d03675a2a5e1a5305c697b347d90d6"

function-bind@^1.1.2:
  version "1.1.2"
  resolved "https://registry.yarnpkg.com/function-bind/-/function-bind-1.1.2.tgz#2c02d864d97f3ea6c8830c464cbd11ab6eab7a1c"

hasown@^2.0.0:
  version "2.0.0"
  resolved "https://registry.yarnpkg.com/hasown/-/hasown-2.0.0.tgz#f4c513d454a57b7c7e1650778de226b11700546c"
  dependencies:
    function-bind "^1.1.2"

home-assistant-js-websocket@^6.0.1:
  version "6.1.1"
  resolved "https://registry.yarnpkg.com/home-assistant-js-websocket/-/home-assistant-js-websocket-6.1.1.tgz#87ba846753c4fb58a2e5ace6bb15a82689fd0735"

intl-messageformat@^9.11.1:
  version "9.13.0"
  resolved "https://registry.yarnpkg.com/intl-messageformat/-/intl-messageformat-9.13.0.tgz#97360b73bd82212e4f6005c712a4a16053165468"
  dependencies:
    "@formatjs/ecma402-abstract" "1.11.4"
    "@formatjs/fast-memoize" "1.2.1"
    "@formatjs/icu-messageformat-parser" "2.1.0"
    tslib "^2.1.0"

is-builtin-module@^3.2.1:
  version "3.2.1"
  resolved "https://registry.yarnpkg.com/is-builtin-module/-/is-builtin-module-3.2.1.tgz#f03271717d8654cfcaf07ab0463faa3571581169"
  dependencies:
    builtin-modules "^3.3.0"

is-core-module@^2.13.0:
  version "2.13.1"
  resolved "https://registry.yarnpkg.com/is-core-module/-/is-core-module-2.13.1.tgz#ad0d7532c6fea9da1ebdc82742d74525c6273384"
  dependencies:
    hasown "^2.0.0"

is-module@^1.0.0:
  version "1.0.0"
  resolved "https://registry.yarnpkg.com/is-module/-/is-module-1.0.0.tgz#3258fb69f78c14d5b815d664336b4cffb6441591"

lit-element@^3.3.0:
  version "3.3.3"
  resolved "https://registry.yarnpkg.com/lit-element/-/lit-element-3.3.3.tgz#10bc19702b96ef5416cf7a70177255bfb17b3209"
  dependencies:
    "@lit-labs/ssr-dom-shim" "^1.1.0"
    "@lit/reactive-element" "^1.3.0"
    lit-html "^2.8.0"

lit-element@^4.0.0:
  version "4.0.1"
  resolved "https://registry.yarnpkg.com/lit-element/-/lit-element-4.0.1.tgz#fe9d82e2d034f819156f561f6f23b0ed0c9d19dc"
  dependencies:
    "@lit-labs/ssr-dom-shim" "^1.1.2"
    "@lit/reactive-element" "^2.0.0"
    lit-html "^3.0.0"

lit-html@^2.8.0:
  version "2.8.0"
  resolved "https://registry.yarnpkg.com/lit-html/-/lit-html-2.8.0.tgz#96456a4bb4ee717b9a7d2f94562a16509d39bffa"
  dependencies:
    "@types/trusted-types" "^2.0.2"

lit-html@^3.0.0:
  version "3.0.1"
  resolved "https://registry.yarnpkg.com/lit-html/-/lit-html-3.0.1.tgz#bbdb94c8c13120940fd9b169047e06f665906005"
  dependencies:
    "@types/trusted-types" "^2.0.2"

lit@^2.1.1:
  version "2.8.0"
  resolved "https://registry.yarnpkg.com/lit/-/lit-2.8.0.tgz#4d838ae03059bf9cafa06e5c61d8acc0081e974e"
  dependencies:
    "@lit/reactive-element" "^1.6.0"
    lit-element "^3.3.0"
    lit-html "^2.8.0"

lit@^3.0.1:
  version "3.0.1"
  resolved "https://registry.yarnpkg.com/lit/-/lit-3.0.1.tgz#bc9136cf9303ae8c23d0adcf7847c971cc94aee9"
  dependencies:
    "@lit/reactive-element" "^2.0.0"
    lit-element "^4.0.0"
    lit-html "^3.0.0"

path-parse@^1.0.7:
  version "1.0.7"
  resolved "https://registry.yarnpkg.com/path-parse/-/path-parse-1.0.7.tgz#fbc114b60ca42b30d9daf5858e4bd68bbedb6735"

picomatch@^2.3.1:
  version "2.3.1"
  resolved "https://registry.yarnpkg.com/picomatch/-/picomatch-2.3.1.tgz#3ba3833733646d9d3e4995946c1365a67fb07a42"

randombytes@^2.1.0:
  version "2.1.0"
  resolved "https://registry.yarnpkg.com/randombytes/-/randombytes-2.1.0.tgz#df6f84372f0270dc65cdf6291349ab7a473d4f2a"
  dependencies:
    safe-buffer "^5.1.0"

resolve@^1.22.1:
  version "1.22.8"
  resolved "https://registry.yarnpkg.com/resolve/-/resolve-1.22.8.tgz#b6c87a9f2aa06dfab52e3d70ac8cde321fa5a48d"
  dependencies:
    is-core-module "^2.13.0"
    path-parse "^1.0.7"
    supports-preserve-symlinks-flag "^1.0.0"

rollup@^2.63.0:
  version "2.79.1"
  resolved "https://registry.yarnpkg.com/rollup/-/rollup-2.79.1.tgz#bedee8faef7c9f93a2647ac0108748f497f081c7"
  optionalDependencies:
    fsevents "~2.3.2"

rollup@^4.1.5:
  version "4.1.5"
  resolved "https://registry.yarnpkg.com/rollup/-/rollup-4.1.5.tgz#0838662dbf56f4b3fdbe4de5f232212a302b198c"
  optionalDependencies:
    "@rollup/rollup-android-arm-eabi" "4.1.5"
    "@rollup/rollup-android-arm64" "4.1.5"
    "@rollup/rollup-darwin-arm64" "4.1.5"
    "@rollup/rollup-darwin-x64" "4.1.5"
    "@rollup/rollup-linux-arm-gnueabihf" "4.1.5"
    "@rollup/rollup-linux-arm64-gnu" "4.1.5"
    "@rollup/rollup-linux-arm64-musl" "4.1.5"
    "@rollup/rollup-linux-x64-gnu" "4.1.5"
    "@rollup/rollup-linux-x64-musl" "4.1.5"
    "@rollup/rollup-win32-arm64-msvc" "4.1.5"
    "@rollup/rollup-win32-ia32-msvc" "4.1.5"
    "@rollup/rollup-win32-x64-msvc" "4.1.5"
    fsevents "~2.3.2"

safe-buffer@^5.1.0:
  version "5.2.1"
  resolved "https://registry.yarnpkg.com/safe-buffer/-/safe-buffer-5.2.1.tgz#1eaf9fa9bdb1fdd4ec75f58f9cdb4e6b7827eec6"

serialize-javascript@^6.0.1:
  version "6.0.1"
  resolved "https://registry.yarnpkg.com/serialize-javascript/-/serialize-javascript-6.0.1.tgz#b206efb27c3da0b0ab6b52f48d170b7996458e5c"
  dependencies:
    randombytes "^2.1.0"

smob@^1.0.0:
  version "1.4.1"
  resolved "https://registry.yarnpkg.com/smob/-/smob-1.4.1.tgz#66270e7df6a7527664816c5b577a23f17ba6f5b5"

source-map-support@~0.5.20:
  version "0.5.21"
  resolved "https://registry.yarnpkg.com/source-map-support/-/source-map-support-0.5.21.tgz#04fe7c7f9e1ed2d662233c28cb2b35b9f63f6e4f"
  dependencies:
    buffer-from "^1.0.0"
    source-map "^0.6.0"

source-map@^0.6.0:
  version "0.6.1"
  resolved "https://registry.yarnpkg.com/source-map/-/source-map-0.6.1.tgz#74722af32e9614e9c287a8d0bbde48b5e2f1a263"

superstruct@^0.15.3:
  version "0.15.5"
  resolved "https://registry.yarnpkg.com/superstruct/-/superstruct-0.15.5.tgz#0f0a8d3ce31313f0d84c6096cd4fa1bfdedc9dab"

supports-preserve-symlinks-flag@^1.0.0:
  version "1.0.0"
  resolved "https://registry.yarnpkg.com/supports-preserve-symlinks-flag/-/supports-preserve-symlinks-flag-1.0.0.tgz#6eda4bd344a3c94aea376d4cc31bc77311039e09"

terser@^5.17.4:
  version "5.22.0"
  resolved "https://registry.yarnpkg.com/terser/-/terser-5.22.0.tgz#4f18103f84c5c9437aafb7a14918273310a8a49d"
  dependencies:
    "@jridgewell/source-map" "^0.3.3"
    acorn "^8.8.2"
    commander "^2.20.0"
    source-map-support "~0.5.20"

tslib@^2.1.0, tslib@^2.6.2:
  version "2.6.2"
  resolved "https://registry.yarnpkg.com/tslib/-/tslib-2.6.2.tgz#703ac29425e7b37cd6fd456e92404d46d1f3e4ae"

typescript@^4.5.4:
  version "4.9.5"
  resolved "https://registry.yarnpkg.com/typescript/-/typescript-4.9.5.tgz#095979f9bcc0d09da324d58d03ce8f8374cbe65a"

typescript@^5.2.2:
  version "5.2.2"
  resolved "https://registry.yarnpkg.com/typescript/-/typescript-5.2.2.tgz#5ebb5e5a5b75f085f22bc3f8460fba308310fa78"
